
Microsoft Visual Studio Solution File, Format Version 12.00
# Visual Studio 14
VisualStudioVersion = 14.0.25123.0
MinimumVisualStudioVersion = 10.0.40219.1
Project("{FAE04EC0-301F-11D3-BF4B-00C04F79EFBC}") = "Information system of sage", "Information system of sage\Information system of sage.csproj", "{DF3B80C1-A6D3-4F0B-8310-A2AF671C7A7E}"
EndProject
Project("{FAE04EC0-301F-11D3-BF4B-00C04F79EFBC}") = "SMIS", "SMIS\SMIS.csproj", "{2FC9B968-C1CC-4FFE-B12C-74D555304C00}"
EndProject
Project("{FAE04EC0-301F-11D3-BF4B-00C04F79EFBC}") = "Server", "Server\Server.csproj", "{77CB2C32-ABF9-43C0-8A72-31AD81D8016C}"
EndProject
Project("{FAE04EC0-301F-11D3-BF4B-00C04F79EFBC}") = "Client", "Client\Client.csproj", "{DE23FC93-17E4-481B-9101-709B8DD523DB}"
EndProject
Global
	GlobalSection(SolutionConfigurationPlatforms) = preSolution
		Debug|Any CPU = Debug|Any CPU
		Release|Any CPU = Release|Any CPU
	EndGlobalSection
	GlobalSection(ProjectConfigurationPlatforms) = postSolution
		{DF3B80C1-A6D3-4F0B-8310-A2AF671C7A7E}.Debug|Any CPU.ActiveCfg = Debug|Any CPU
		{DF3B80C1-A6D3-4F0B-8310-A2AF671C7A7E}.Debug|Any CPU.Build.0 = Debug|Any CPU
		{DF3B80C1-A6D3-4F0B-8310-A2AF671C7A7E}.Release|Any CPU.ActiveCfg = Release|Any CPU
		{DF3B80C1-A6D3-4F0B-8310-A2AF671C7A7E}.Release|Any CPU.Build.0 = Release|Any CPU
		{2FC9B968-C1CC-4FFE-B12C-74D555304C00}.Debug|Any CPU.ActiveCfg = Debug|Any CPU
		{2FC9B968-C1CC-4FFE-B12C-74D555304C00}.Debug|Any CPU.Build.0 = Debug|Any CPU
		{2FC9B968-C1CC-4FFE-B12C-74D555304C00}.Release|Any CPU.ActiveCfg = Release|Any CPU
		{2FC9B968-C1CC-4FFE-B12C-74D555304C00}.Release|Any CPU.Build.0 = Release|Any CPU
		{77CB2C32-ABF9-43C0-8A72-31AD81D8016C}.Debug|Any CPU.ActiveCfg = Debug|Any CPU
		{77CB2C32-ABF9-43C0-8A72-31AD81D8016C}.Debug|Any CPU.Build.0 = Debug|Any CPU
		{77CB2C32-ABF9-43C0-8A72-31AD81D8016C}.Release|Any CPU.ActiveCfg = Release|Any CPU
		{77CB2C32-ABF9-43C0-8A72-31AD81D8016C}.Release|Any CPU.Build.0 = Release|Any CPU
		{DE23FC93-17E4-481B-9101-709B8DD523DB}.Debug|Any CPU.ActiveCfg = Debug|Any CPU
		{DE23FC93-17E4-481B-9101-709B8DD523DB}.Debug|Any CPU.Build.0 = Debug|Any CPU
		{DE23FC93-17E4-481B-9101-709B8DD523DB}.Release|Any CPU.ActiveCfg = Release|Any CPU
		{DE23FC93-17E4-481B-9101-709B8DD523DB}.Release|Any CPU.Build.0 = Release|Any CPU
	EndGlobalSection
	GlobalSection(SolutionProperties) = preSolution
		HideSolutionNode = FALSE
	EndGlobalSection
EndGlobal
